<Solution>
  <Folder Name="/Tests/">
    <Project Path="Lobo.Application.Tests/Lobo.Application.Tests.csproj" />
    <Project Path="Lobo.Domain.Tests/Lobo.Domain.Tests.csproj" />
  </Folder>
  <Project Path="Lobo.Api/Lobo.Api.csproj" />
  <Project Path="Lobo.Application/Lobo.Application.csproj" />
  <Project Path="Lobo.Domain/Lobo.Domain.csproj" />
  <Project Path="Lobo.Infrastructure/Lobo.Infrastructure.csproj" />
</Solution>
